
Microsoft Visual Studio Solution File, Format Version 12.00
# Visual Studio Version 17
VisualStudioVersion = 17.1.32210.238
MinimumVisualStudioVersion = 10.0.40219.1
Project("{FAE04EC0-301F-11D3-BF4B-00C04F79EFBC}") = "QR_Generator", "QR_Generator\QR_Generator.csproj", "{FEEA85E5-9811-4E48-B12E-F8BF775C1050}"
EndProject
Global
	GlobalSection(SolutionConfigurationPlatforms) = preSolution
		Debug|Any CPU = Debug|Any CPU
		Release|Any CPU = Release|Any CPU
	EndGlobalSection
	GlobalSection(ProjectConfigurationPlatforms) = postSolution
		{FEEA85E5-9811-4E48-B12E-F8BF775C1050}.Debug|Any CPU.ActiveCfg = Debug|Any CPU
		{FEEA85E5-9811-4E48-B12E-F8BF775C1050}.Debug|Any CPU.Build.0 = Debug|Any CPU
		{FEEA85E5-9811-4E48-B12E-F8BF775C1050}.Release|Any CPU.ActiveCfg = Release|Any CPU
		{FEEA85E5-9811-4E48-B12E-F8BF775C1050}.Release|Any CPU.Build.0 = Release|Any CPU
	EndGlobalSection
	GlobalSection(SolutionProperties) = preSolution
		HideSolutionNode = FALSE
	EndGlobalSection
	GlobalSection(ExtensibilityGlobals) = postSolution
		SolutionGuid = {1E44A443-E5F9-4E3E-954B-66DFE0589276}
	EndGlobalSection
EndGlobal
